github.com/UtkarshVerma/hugo-modules/bootstrap-v5 v0.0.0-20230504225710-d501fa92f914 h1:Zj7sHvyQuxWLirH1LixBfGmgw/+mxQiCWgUAuRk/kkw=
github.com/UtkarshVerma/hugo-modules/bootstrap-v5 v0.0.0-20230504225710-d501fa92f914/go.mod h1:jN464n2rRLsLxYxY9IlkrpcKFYdkcuaYLxWZGctJr3k=
github.com/gohugoio/hugo-mod-jslibs-dist/popperjs/v2 v2.21100.20000/go.mod h1:mFberT6ZtcchrsDtfvJM7aAH2bDKLdOnruUHl0hlapI=
github.com/twbs/bootstrap v5.2.3+incompatible/go.mod h1:fZTSrkpSf0/HkL0IIJzvVspTt1r9zuf7XlZau8kpcY0=
